
Microsoft Visual Studio Solution File, Format Version 12.00
# Visual Studio Version 17
VisualStudioVersion = 17.6.33829.357
MinimumVisualStudioVersion = 10.0.40219.1
Project("{9A19103F-16F7-4668-BE54-9A1E7A4F7556}") = "MeteorManeuver", "MeteorManeuver\MeteorManeuver.csproj", "{DDCD745D-CC1B-482A-BC08-CFE33133DA85}"
EndProject
Project("{FAE04EC0-301F-11D3-BF4B-00C04F79EFBC}") = "UserInput", "..\..\Final Project\UserInput\UserInput\UserInput\UserInput.csproj", "{31068901-926E-4039-BF95-E4EE27CE2586}"
EndProject
Global
	GlobalSection(SolutionConfigurationPlatforms) = preSolution
		Debug|Any CPU = Debug|Any CPU
		Release|Any CPU = Release|Any CPU
	EndGlobalSection
	GlobalSection(ProjectConfigurationPlatforms) = postSolution
		{DDCD745D-CC1B-482A-BC08-CFE33133DA85}.Debug|Any CPU.ActiveCfg = Debug|Any CPU
		{DDCD745D-CC1B-482A-BC08-CFE33133DA85}.Debug|Any CPU.Build.0 = Debug|Any CPU
		{DDCD745D-CC1B-482A-BC08-CFE33133DA85}.Release|Any CPU.ActiveCfg = Release|Any CPU
		{DDCD745D-CC1B-482A-BC08-CFE33133DA85}.Release|Any CPU.Build.0 = Release|Any CPU
		{31068901-926E-4039-BF95-E4EE27CE2586}.Debug|Any CPU.ActiveCfg = Debug|Any CPU
		{31068901-926E-4039-BF95-E4EE27CE2586}.Debug|Any CPU.Build.0 = Debug|Any CPU
		{31068901-926E-4039-BF95-E4EE27CE2586}.Release|Any CPU.ActiveCfg = Release|Any CPU
		{31068901-926E-4039-BF95-E4EE27CE2586}.Release|Any CPU.Build.0 = Release|Any CPU
	EndGlobalSection
	GlobalSection(SolutionProperties) = preSolution
		HideSolutionNode = FALSE
	EndGlobalSection
	GlobalSection(ExtensibilityGlobals) = postSolution
		SolutionGuid = {78CCB76A-3FA9-49D6-8E68-865DE47C6772}
	EndGlobalSection
EndGlobal
